<?xml version="1.0" encoding="UTF-8" standalone="yes" ?>
<CodeBlocks_project_file>
	<FileVersion major="1" minor="6" />
	<Project>
		<Option title="CarGameProgrammazione" />
		<Option pch_mode="2" />
		<Option compiler="gcc" />
		<Build>
			<Target title="Debug">
				<Option output="bin/Debug/CarGameProgrammazione" prefix_auto="1" extension_auto="1" />
				<Option object_output="obj/Debug/" />
				<Option type="1" />
				<Option compiler="gcc" />
				<Compiler>
					<Add option="-g" />
					<Add directory="include" />
					<Add directory="../CarGameProgrammazione" />
				</Compiler>
			</Target>
			<Target title="Release">
				<Option output="bin/Release/CarGameProgrammazione" prefix_auto="1" extension_auto="1" />
				<Option object_output="obj/Release/" />
				<Option type="1" />
				<Option compiler="gcc" />
				<Compiler>
					<Add option="-O2" />
					<Add directory="include" />
					<Add directory="../CarGameProgrammazione" />
				</Compiler>
				<Linker>
					<Add option="-s" />
					<Add option="-static" />
					<Add option="-static-libgcc" />
				</Linker>
			</Target>
		</Build>
		<Compiler>
			<Add option="-Wall" />
			<Add option="-fexceptions" />
		</Compiler>
		<Linker>
			<Add option="-static-libgcc -static-libstdc++ -static -lpthread" />
		</Linker>
		<Unit filename="include/Car.hpp" />
		<Unit filename="include/Collectable.hpp" />
		<Unit filename="include/ConsoleSprite.hpp" />
		<Unit filename="include/Definitions.hpp" />
		<Unit filename="include/LevelManager.hpp" />
		<Unit filename="include/List.hpp" />
		<Unit filename="include/Menu.hpp" />
		<Unit filename="include/Pixel.hpp" />
		<Unit filename="src/Car.cpp" />
		<Unit filename="src/Collectable.cpp" />
		<Unit filename="src/ConsoleSprite.cpp" />
		<Unit filename="src/LevelManager.cpp" />
		<Unit filename="src/List.cpp" />
		<Unit filename="src/Menu.cpp" />
		<Unit filename="src/Pixel.cpp" />
		<Unit filename="src/main.cpp" />
		<Extensions>
			<lib_finder disable_auto="1" />
		</Extensions>
	</Project>
</CodeBlocks_project_file>
